# THIS IS AN AUTOGENERATED FILE. DO NOT EDIT THIS FILE DIRECTLY.
# yarn lockfile v1


"@esbuild/android-arm64@0.16.12":
  version "0.16.12"
  resolved "https://registry.yarnpkg.com/@esbuild/android-arm64/-/android-arm64-0.16.12.tgz#86c4fdd7c0d65fe9dcbe138fbe72720658ec3b88"
  integrity sha512-0LacmiIW+X0/LOLMZqYtZ7d4uY9fxYABAYhSSOu+OGQVBqH4N5eIYgkT7bBFnR4Nm3qo6qS3RpHKVrDASqj/uQ==

"@esbuild/android-arm@0.16.12":
  version "0.16.12"
  resolved "https://registry.yarnpkg.com/@esbuild/android-arm/-/android-arm-0.16.12.tgz#15e33bb1c8c2f560fbb27cda227c0fa22d83d0ef"
  integrity sha512-CTWgMJtpCyCltrvipZrrcjjRu+rzm6pf9V8muCsJqtKujR3kPmU4ffbckvugNNaRmhxAF1ZI3J+0FUIFLFg8KA==

"@esbuild/android-x64@0.16.12":
  version "0.16.12"
  resolved "https://registry.yarnpkg.com/@esbuild/android-x64/-/android-x64-0.16.12.tgz#3b0ddaf59fdf94e8e9fcb2aa6537cbab93d5fe22"
  integrity sha512-sS5CR3XBKQXYpSGMM28VuiUnbX83Z+aWPZzClW+OB2JquKqxoiwdqucJ5qvXS8pM6Up3RtJfDnRQZkz3en2z5g==

"@esbuild/darwin-arm64@0.16.12":
  version "0.16.12"
  resolved "https://registry.yarnpkg.com/@esbuild/darwin-arm64/-/darwin-arm64-0.16.12.tgz#ac6c5d85cabf20de5047b55eab7f3c252d9aae71"
  integrity sha512-Dpe5hOAQiQRH20YkFAg+wOpcd4PEuXud+aGgKBQa/VriPJA8zuVlgCOSTwna1CgYl05lf6o5els4dtuyk1qJxQ==

"@esbuild/darwin-x64@0.16.12":
  version "0.16.12"
  resolved "https://registry.yarnpkg.com/@esbuild/darwin-x64/-/darwin-x64-0.16.12.tgz#3433e6432dd474994302bcfe35c5420fae46a206"
  integrity sha512-ApGRA6X5txIcxV0095X4e4KKv87HAEXfuDRcGTniDWUUN+qPia8sl/BqG/0IomytQWajnUn4C7TOwHduk/FXBQ==

"@esbuild/freebsd-arm64@0.16.12":
  version "0.16.12"
  resolved "https://registry.yarnpkg.com/@esbuild/freebsd-arm64/-/freebsd-arm64-0.16.12.tgz#b150587dc54dc2369cb826e6ee9f94fc5ec14635"
  integrity sha512-AMdK2gA9EU83ccXCWS1B/KcWYZCj4P3vDofZZkl/F/sBv/fphi2oUqUTox/g5GMcIxk8CF1CVYTC82+iBSyiUg==

"@esbuild/freebsd-x64@0.16.12":
  version "0.16.12"
  resolved "https://registry.yarnpkg.com/@esbuild/freebsd-x64/-/freebsd-x64-0.16.12.tgz#e682a61cde8d6332aaeb4c2b28fce0d833928903"
  integrity sha512-KUKB9w8G/xaAbD39t6gnRBuhQ8vIYYlxGT2I+mT6UGRnCGRr1+ePFIGBQmf5V16nxylgUuuWVW1zU2ktKkf6WQ==

"@esbuild/linux-arm64@0.16.12":
  version "0.16.12"
  resolved "https://registry.yarnpkg.com/@esbuild/linux-arm64/-/linux-arm64-0.16.12.tgz#d0d75e10796d4f1414ecaf16a8071ce05446cb9f"
  integrity sha512-29HXMLpLklDfmw7T2buGqq3HImSUaZ1ArmrPOMaNiZZQptOSZs32SQtOHEl8xWX5vfdwZqrBfNf8Te4nArVzKQ==

"@esbuild/linux-arm@0.16.12":
  version "0.16.12"
  resolved "https://registry.yarnpkg.com/@esbuild/linux-arm/-/linux-arm-0.16.12.tgz#945ebcd99205fadea5ee22bff624189bd95c0484"
  integrity sha512-vhDdIv6z4eL0FJyNVfdr3C/vdd/Wc6h1683GJsFoJzfKb92dU/v88FhWdigg0i6+3TsbSDeWbsPUXb4dif2abg==

"@esbuild/linux-ia32@0.16.12":
  version "0.16.12"
  resolved "https://registry.yarnpkg.com/@esbuild/linux-ia32/-/linux-ia32-0.16.12.tgz#132e61b2124eee6033bf7f0d5b312c02524d39db"
  integrity sha512-JFDuNDTTfgD1LJg7wHA42o2uAO/9VzHYK0leAVnCQE/FdMB599YMH73ux+nS0xGr79pv/BK+hrmdRin3iLgQjg==

"@esbuild/linux-loong64@0.16.12":
  version "0.16.12"
  resolved "https://registry.yarnpkg.com/@esbuild/linux-loong64/-/linux-loong64-0.16.12.tgz#d27dc1e203c0d0516c1daadb7988f88b643f8ea2"
  integrity sha512-xTGzVPqm6WKfCC0iuj1fryIWr1NWEM8DMhAIo+4rFgUtwy/lfHl+Obvus4oddzRDbBetLLmojfVZGmt/g/g+Rw==

"@esbuild/linux-mips64el@0.16.12":
  version "0.16.12"
  resolved "https://registry.yarnpkg.com/@esbuild/linux-mips64el/-/linux-mips64el-0.16.12.tgz#9616c378ca76f12d06ffaf242da68a58be966a18"
  integrity sha512-zI1cNgHa3Gol+vPYjIYHzKhU6qMyOQrvZ82REr5Fv7rlh5PG6SkkuCoH7IryPqR+BK2c/7oISGsvPJPGnO2bHQ==

"@esbuild/linux-ppc64@0.16.12":
  version "0.16.12"
  resolved "https://registry.yarnpkg.com/@esbuild/linux-ppc64/-/linux-ppc64-0.16.12.tgz#b033a248212249c05c162b64124744345a041f92"
  integrity sha512-/C8OFXExoMmvTDIOAM54AhtmmuDHKoedUd0Otpfw3+AuuVGemA1nQK99oN909uZbLEU6Bi+7JheFMG3xGfZluQ==

"@esbuild/linux-riscv64@0.16.12":
  version "0.16.12"
  resolved "https://registry.yarnpkg.com/@esbuild/linux-riscv64/-/linux-riscv64-0.16.12.tgz#b6476abff413b5b472e6cf093086b9d5be4553a8"
  integrity sha512-qeouyyc8kAGV6Ni6Isz8hUsKMr00EHgVwUKWNp1r4l88fHEoNTDB8mmestvykW6MrstoGI7g2EAsgr0nxmuGYg==

"@esbuild/linux-s390x@0.16.12":
  version "0.16.12"
  resolved "https://registry.yarnpkg.com/@esbuild/linux-s390x/-/linux-s390x-0.16.12.tgz#981a639f8c2a2e0646f47eba0fae7c2c270b208b"
  integrity sha512-s9AyI/5vz1U4NNqnacEGFElqwnHusWa81pskAf8JNDM2eb6b2E6PpBmT8RzeZv6/TxE6/TADn2g9bb0jOUmXwQ==

"@esbuild/linux-x64@0.16.12":
  version "0.16.12"
  resolved "https://registry.yarnpkg.com/@esbuild/linux-x64/-/linux-x64-0.16.12.tgz#01b777229d8baf068eeeb7cd7c396aea4d1ebd36"
  integrity sha512-e8YA7GQGLWhvakBecLptUiKxOk4E/EPtSckS1i0MGYctW8ouvNUoh7xnU15PGO2jz7BYl8q1R6g0gE5HFtzpqQ==

"@esbuild/netbsd-x64@0.16.12":
  version "0.16.12"
  resolved "https://registry.yarnpkg.com/@esbuild/netbsd-x64/-/netbsd-x64-0.16.12.tgz#6d4b9de7dc3ac99bf04653fe640b3be63c57b1aa"
  integrity sha512-z2+kUxmOqBS+6SRVd57iOLIHE8oGOoEnGVAmwjm2aENSP35HPS+5cK+FL1l+rhrsJOFIPrNHqDUNechpuG96Sg==

"@esbuild/openbsd-x64@0.16.12":
  version "0.16.12"
  resolved "https://registry.yarnpkg.com/@esbuild/openbsd-x64/-/openbsd-x64-0.16.12.tgz#2a28010b1848466586d5e2189e9f1b8334b65708"
  integrity sha512-PAonw4LqIybwn2/vJujhbg1N9W2W8lw9RtXIvvZoyzoA/4rA4CpiuahVbASmQohiytRsixbNoIOUSjRygKXpyA==

"@esbuild/sunos-x64@0.16.12":
  version "0.16.12"
  resolved "https://registry.yarnpkg.com/@esbuild/sunos-x64/-/sunos-x64-0.16.12.tgz#3ee120008cc759d604825dd25501152071ef30f0"
  integrity sha512-+wr1tkt1RERi+Zi/iQtkzmMH4nS8+7UIRxjcyRz7lur84wCkAITT50Olq/HiT4JN2X2bjtlOV6vt7ptW5Gw60Q==

"@esbuild/win32-arm64@0.16.12":
  version "0.16.12"
  resolved "https://registry.yarnpkg.com/@esbuild/win32-arm64/-/win32-arm64-0.16.12.tgz#8c599a91f1c55b3df304c450ac0613855c10502e"
  integrity sha512-XEjeUSHmjsAOJk8+pXJu9pFY2O5KKQbHXZWQylJzQuIBeiGrpMeq9sTVrHefHxMOyxUgoKQTcaTS+VK/K5SviA==

"@esbuild/win32-ia32@0.16.12":
  version "0.16.12"
  resolved "https://registry.yarnpkg.com/@esbuild/win32-ia32/-/win32-ia32-0.16.12.tgz#102b5a44b514f8849a10cc4cc618c60c70a4c536"
  integrity sha512-eRKPM7e0IecUAUYr2alW7JGDejrFJXmpjt4MlfonmQ5Rz9HWpKFGCjuuIRgKO7W9C/CWVFXdJ2GjddsBXqQI4A==

"@esbuild/win32-x64@0.16.12":
  version "0.16.12"
  resolved "https://registry.yarnpkg.com/@esbuild/win32-x64/-/win32-x64-0.16.12.tgz#31197bb509049b63c059c4808ac58e66fdff7479"
  integrity sha512-iPYKN78t3op2+erv2frW568j1q0RpqX6JOLZ7oPPaAV1VaF7dDstOrNw37PVOYoTWE11pV4A1XUitpdEFNIsPg==

"@jridgewell/sourcemap-codec@^1.4.13":
  version "1.4.14"
  resolved "https://registry.npmmirror.com/@jridgewell/sourcemap-codec/-/sourcemap-codec-1.4.14.tgz#add4c98d341472a289190b424efbdb096991bb24"
  integrity sha512-XPSJHWmi394fuUuzDnGz1wiKqWfo1yXecHQMRf2l6hztTO+nPru658AyDngaBe7isIxEkRsPR3FZh+s7iVa4Uw==

"@mdn/browser-compat-data@^5.2.33":
  version "5.2.35"
  resolved "https://registry.npmmirror.com/@mdn/browser-compat-data/-/browser-compat-data-5.2.35.tgz#fff993a89e960e4237d2aada18e30336002974b3"
  integrity sha512-WMGl70X/upKye9Ix0xQtaKzNsFJE6I4ZEexypk1gyiB5REQZv9BI3Stw8Tby25YSGJ7OuYG0+5oCnkv1A+3kRA==

"@rollup/pluginutils@^5.0.2":
  version "5.0.2"
  resolved "https://registry.npmmirror.com/@rollup/pluginutils/-/pluginutils-5.0.2.tgz#012b8f53c71e4f6f9cb317e311df1404f56e7a33"
  integrity sha512-pTd9rIsP92h+B6wWwFbW8RkZv4hiR/xKsqre4SIuAOaOEQRxi0lqLke9k2/7WegC85GgUs9pjmOjCUi3In4vwA==
  dependencies:
    "@types/estree" "^1.0.0"
    estree-walker "^2.0.2"
    picomatch "^2.3.1"

"@types/estree@^1.0.0":
  version "1.0.0"
  resolved "https://registry.npmmirror.com/@types/estree/-/estree-1.0.0.tgz#5fb2e536c1ae9bf35366eed879e827fa59ca41c2"
  integrity sha512-WulqXMDUTYAXCjZnk6JtIHPigp55cVtDgDrO2gHRwhyJto21+1zbVCtOYB2L1F9w4qCQ0rOGWBnBe0FNTiEJIQ==

"@types/node@^17.0.36":
  version "17.0.45"
  resolved "https://registry.npmmirror.com/@types/node/-/node-17.0.45.tgz#2c0fafd78705e7a18b7906b5201a522719dc5190"
  integrity sha512-w+tIMs3rq2afQdsPJlODhoUEKzFP1ayaoyl1CcnwtIlsVe7K7bA1NGm4s3PraqTLlXnbIN84zuBlxBWo1u9BLw==

"@types/object-path@^0.11.1":
  version "0.11.1"
  resolved "https://registry.npmmirror.com/@types/object-path/-/object-path-0.11.1.tgz#eea5b357518597fc9c0a067ea3147f599fc1514f"
  integrity sha512-219LSCO9HPcoXcRTC6DbCs0FRhZgBnEMzf16RRqkT40WbkKx3mOeQuz3e2XqbfhOz/AHfbru0kzB1n1RCAsIIg==

"@types/semver@^7.3.13":
  version "7.3.13"
  resolved "https://registry.npmmirror.com/@types/semver/-/semver-7.3.13.tgz#da4bfd73f49bd541d28920ab0e2bf0ee80f71c91"
  integrity sha512-21cFJr9z3g5dW8B0CVI9g2O9beqaThGQ6ZFBqHfwhzLDKUxaqTIy3vnfah/UPkfOiF2pLq+tGz+W8RyCskuslw==

"@types/ua-parser-js@^0.7.36":
  version "0.7.36"
  resolved "https://registry.npmmirror.com/@types/ua-parser-js/-/ua-parser-js-0.7.36.tgz#9bd0b47f26b5a3151be21ba4ce9f5fa457c5f190"
  integrity sha512-N1rW+njavs70y2cApeIw1vLMYXRwfBy+7trgavGuuTfOd7j1Yh7QTRc/yqsPl6ncokt72ZXuxEU0PiCp9bSwNQ==

"@wessberg/stringutil@^1.0.19":
  version "1.0.19"
  resolved "https://registry.npmmirror.com/@wessberg/stringutil/-/stringutil-1.0.19.tgz#baadcb6f4471fe2d46462a7d7a8294e4b45b29ad"
  integrity sha512-9AZHVXWlpN8Cn9k5BC/O0Dzb9E9xfEMXzYrNunwvkUTvuK7xgQPVRZpLo+jWCOZ5r8oBa8NIrHuPEu1hzbb6bg==

ansi-colors@^4.1.3:
  version "4.1.3"
  resolved "https://registry.npmmirror.com/ansi-colors/-/ansi-colors-4.1.3.tgz#37611340eb2243e70cc604cad35d63270d48781b"
  integrity sha512-/6w/C21Pm1A7aZitlI5Ni/2J6FFQN8i1Cvz3kHABAAbw93v/NlvKdVOqz7CCWz/3iv/JplRSEEZ83XION15ovw==

browserslist-generator@^2.0.1:
  version "2.0.3"
  resolved "https://registry.npmmirror.com/browserslist-generator/-/browserslist-generator-2.0.3.tgz#1fe3c822188f8e689d4f7ef228ec634e8cc3689b"
  integrity sha512-3j8ogwvlBpOEDR3f5n1H2n5BWXqHPWi/Xm8EC1DPJy5BWl4WkSFisatBygH/L9AEmg0MtOfcR1QnMuM9XL28jA==
  dependencies:
    "@mdn/browser-compat-data" "^5.2.33"
    "@types/object-path" "^0.11.1"
    "@types/semver" "^7.3.13"
    "@types/ua-parser-js" "^0.7.36"
    browserslist "^4.21.5"
    caniuse-lite "^1.0.30001450"
    isbot "^3.6.5"
    object-path "^0.11.8"
    semver "^7.3.8"
    ua-parser-js "^1.0.33"

browserslist@^4.21.4, browserslist@^4.21.5:
  version "4.21.5"
  resolved "https://registry.npmmirror.com/browserslist/-/browserslist-4.21.5.tgz#75c5dae60063ee641f977e00edd3cfb2fb7af6a7"
  integrity sha512-tUkiguQGW7S3IhB7N+c2MV/HZPSCPAAiYBZXLsBhFB/PCy6ZKKsZrmBayHV9fdGV/ARIfJ14NkxKzRDjvp7L6w==
  dependencies:
    caniuse-lite "^1.0.30001449"
    electron-to-chromium "^1.4.284"
    node-releases "^2.0.8"
    update-browserslist-db "^1.0.10"

caniuse-lite@^1.0.30001449, caniuse-lite@^1.0.30001450:
  version "1.0.30001456"
  resolved "https://registry.npmmirror.com/caniuse-lite/-/caniuse-lite-1.0.30001456.tgz#734ec1dbfa4f3abe6e435b78ecf40d68e8c32ce4"
  integrity sha512-XFHJY5dUgmpMV25UqaD4kVq2LsiaU5rS8fb0f17pCoXQiQslzmFgnfOxfvo1bTpTqf7dwG/N/05CnLCnOEKmzA==

compatfactory@^2.0.9:
  version "2.0.9"
  resolved "https://registry.npmmirror.com/compatfactory/-/compatfactory-2.0.9.tgz#98ccc78c7cac723ce05db0b7d9dae41b61407d7a"
  integrity sha512-fvO+AWcmbO7P1S+A3mwm3IGr74eHMeq5ZLhNhyNQc9mVDNHT4oe0Gg0ksdIFFNXLK7k7Z/TYcLAUSQdRgh1bsA==
  dependencies:
    helpertypes "^0.0.19"

crosspath@^2.0.0:
  version "2.0.0"
  resolved "https://registry.npmmirror.com/crosspath/-/crosspath-2.0.0.tgz#5714f30c6541cc776103754954602ce0d25f126c"
  integrity sha512-ju88BYCQ2uvjO2bR+SsgLSTwTSctU+6Vp2ePbKPgSCZyy4MWZxYsT738DlKVRE5utUjobjPRm1MkTYKJxCmpTA==
  dependencies:
    "@types/node" "^17.0.36"

electron-to-chromium@^1.4.284:
  version "1.4.301"
  resolved "https://registry.npmmirror.com/electron-to-chromium/-/electron-to-chromium-1.4.301.tgz#175d9fa1509a5b062752c6db321051e610fe2eae"
  integrity sha512-bz00ASIIDjcgszZKuEA1JEFhbDjqUNbQ/PEhNEl1wbixzYpeTp2H2QWjsQvAL2T1wJBdOwCF5hE896BoMwYKrA==

esbuild@^0.16.3:
  version "0.16.12"
  resolved "https://registry.yarnpkg.com/esbuild/-/esbuild-0.16.12.tgz#60850b9ad2f103f1c4316be42c34d5023f27378d"
  integrity sha512-eq5KcuXajf2OmivCl4e89AD3j8fbV+UTE9vczEzq5haA07U9oOTzBWlh3+6ZdjJR7Rz2QfWZ2uxZyhZxBgJ4+g==
  optionalDependencies:
    "@esbuild/android-arm" "0.16.12"
    "@esbuild/android-arm64" "0.16.12"
    "@esbuild/android-x64" "0.16.12"
    "@esbuild/darwin-arm64" "0.16.12"
    "@esbuild/darwin-x64" "0.16.12"
    "@esbuild/freebsd-arm64" "0.16.12"
    "@esbuild/freebsd-x64" "0.16.12"
    "@esbuild/linux-arm" "0.16.12"
    "@esbuild/linux-arm64" "0.16.12"
    "@esbuild/linux-ia32" "0.16.12"
    "@esbuild/linux-loong64" "0.16.12"
    "@esbuild/linux-mips64el" "0.16.12"
    "@esbuild/linux-ppc64" "0.16.12"
    "@esbuild/linux-riscv64" "0.16.12"
    "@esbuild/linux-s390x" "0.16.12"
    "@esbuild/linux-x64" "0.16.12"
    "@esbuild/netbsd-x64" "0.16.12"
    "@esbuild/openbsd-x64" "0.16.12"
    "@esbuild/sunos-x64" "0.16.12"
    "@esbuild/win32-arm64" "0.16.12"
    "@esbuild/win32-ia32" "0.16.12"
    "@esbuild/win32-x64" "0.16.12"

escalade@^3.1.1:
  version "3.1.1"
  resolved "https://registry.npmmirror.com/escalade/-/escalade-3.1.1.tgz#d8cfdc7000965c5a0174b4a82eaa5c0552742e40"
  integrity sha512-k0er2gUkLf8O0zKJiAhmkTnJlTvINGv7ygDNPbeIsX/TJjGJZHuh9B2UxbsaEkmlEo9MfhrSzmhIlhRlI2GXnw==

estree-walker@^2.0.2:
  version "2.0.2"
  resolved "https://registry.npmmirror.com/estree-walker/-/estree-walker-2.0.2.tgz#52f010178c2a4c117a7757cfe942adb7d2da4cac"
  integrity sha512-Rfkk/Mp/DL7JVje3u18FxFujQlTNR2q6QfMSMB7AvCBx91NGj/ba3kCfza0f6dVDbw7YlRf/nDrn7pQrCCyQ/w==

fsevents@~2.3.2:
  version "2.3.2"
  resolved "https://registry.yarnpkg.com/fsevents/-/fsevents-2.3.2.tgz#8a526f78b8fdf4623b709e0b975c52c24c02fd1a"
  integrity sha512-xiqMQR4xAeHTuB9uWm+fFRcIOgKBMiOBP+eXiyT7jsgVCq1bkVygt00oASowB7EdtpOHaaPgKt812P9ab+DDKA==

function-bind@^1.1.1:
  version "1.1.1"
  resolved "https://registry.yarnpkg.com/function-bind/-/function-bind-1.1.1.tgz#a56899d3ea3c9bab874bb9773b7c5ede92f4895d"
  integrity sha512-yIovAzMX49sF8Yl58fSCWJ5svSLuaibPxXQJFLmBObTuCr0Mf1KiPopGM9NiFjiYBCbfaa2Fh6breQ6ANVTI0A==

has@^1.0.3:
  version "1.0.3"
  resolved "https://registry.yarnpkg.com/has/-/has-1.0.3.tgz#722d7cbfc1f6aa8241f16dd814e011e1f41e8796"
  integrity sha512-f2dvO0VU6Oej7RkWJGrehjbzMAjFp5/VKPp5tTpWIV4JHHZK1/BxbFRtf/siA2SWTe09caDmVtYYzWEIbBS4zw==
  dependencies:
    function-bind "^1.1.1"

helpertypes@^0.0.19:
  version "0.0.19"
  resolved "https://registry.npmmirror.com/helpertypes/-/helpertypes-0.0.19.tgz#6f8cb18e4e1fad73dc103b98e624ac85cb06a720"
  integrity sha512-J00e55zffgi3yVnUp0UdbMztNkr2PnizEkOe9URNohnrNhW5X0QpegkuLpOmFQInpi93Nb8MCjQRHAiCDF42NQ==

is-core-module@^2.9.0:
  version "2.11.0"
  resolved "https://registry.yarnpkg.com/is-core-module/-/is-core-module-2.11.0.tgz#ad4cb3e3863e814523c96f3f58d26cc570ff0144"
  integrity sha512-RRjxlvLDkD1YJwDbroBHMb+cukurkDWNyHx7D3oNB5x9rb5ogcksMC5wHCadcXoo67gVr/+3GFySh3134zi6rw==
  dependencies:
    has "^1.0.3"

isbot@^3.6.5:
  version "3.6.6"
  resolved "https://registry.npmmirror.com/isbot/-/isbot-3.6.6.tgz#3ae163dee8dc158322c025f9105d16b050e97192"
  integrity sha512-98aGl1Spbx1led422YFrusDJ4ZutSNOymb2avZ2V4BCCjF3MqAF2k+J2zoaLYahubaFkb+3UyvbVDVlk/Ngrew==

lru-cache@^6.0.0:
  version "6.0.0"
  resolved "https://registry.npmmirror.com/lru-cache/-/lru-cache-6.0.0.tgz#6d6fe6570ebd96aaf90fcad1dafa3b2566db3a94"
  integrity sha512-Jo6dJ04CmSjuznwJSS3pUeWmd/H0ffTlkXXgwZi+eq1UCmqQwCh+eLsYOYCwY991i2Fah4h1BEMCx4qThGbsiA==
  dependencies:
    yallist "^4.0.0"

magic-string@^0.27.0:
  version "0.27.0"
  resolved "https://registry.npmmirror.com/magic-string/-/magic-string-0.27.0.tgz#e4a3413b4bab6d98d2becffd48b4a257effdbbf3"
  integrity sha512-8UnnX2PeRAPZuN12svgR9j7M1uWMovg/CEnIwIG0LFkXSJJe4PdfUGiTGl8V9bsBHFUtfVINcSyYxd7q+kx9fA==
  dependencies:
    "@jridgewell/sourcemap-codec" "^1.4.13"

nanoid@^3.3.4:
  version "3.3.4"
  resolved "https://registry.yarnpkg.com/nanoid/-/nanoid-3.3.4.tgz#730b67e3cd09e2deacf03c027c81c9d9dbc5e8ab"
  integrity sha512-MqBkQh/OHTS2egovRtLk45wEyNXwF+cokD+1YPf9u5VfJiRdAiRwB2froX5Co9Rh20xs4siNPm8naNotSD6RBw==

node-releases@^2.0.8:
  version "2.0.10"
  resolved "https://registry.npmmirror.com/node-releases/-/node-releases-2.0.10.tgz#c311ebae3b6a148c89b1813fd7c4d3c024ef537f"
  integrity sha512-5GFldHPXVG/YZmFzJvKK2zDSzPKhEp0+ZR5SVaoSag9fsL5YgHbUHDfnG5494ISANDcK4KwPXAx2xqVEydmd7w==

object-path@^0.11.8:
  version "0.11.8"
  resolved "https://registry.npmmirror.com/object-path/-/object-path-0.11.8.tgz#ed002c02bbdd0070b78a27455e8ae01fc14d4742"
  integrity sha512-YJjNZrlXJFM42wTBn6zgOJVar9KFJvzx6sTWDte8sWZF//cnjl0BxHNpfZx+ZffXX63A9q0b1zsFiBX4g4X5KA==

path-parse@^1.0.7:
  version "1.0.7"
  resolved "https://registry.yarnpkg.com/path-parse/-/path-parse-1.0.7.tgz#fbc114b60ca42b30d9daf5858e4bd68bbedb6735"
  integrity sha512-LDJzPVEEEPR+y48z93A0Ed0yXb8pAByGWo/k5YYdYgpY2/2EsOsksJrq7lOHxryrVOn1ejG6oAp8ahvOIQD8sw==

picocolors@^1.0.0:
  version "1.0.0"
  resolved "https://registry.yarnpkg.com/picocolors/-/picocolors-1.0.0.tgz#cb5bdc74ff3f51892236eaf79d68bc44564ab81c"
  integrity sha512-1fygroTLlHu66zi26VoTDv8yRgm0Fccecssto+MhsZ0D/DGW2sm8E8AjW7NU5VVTRt5GxbeZ5qBuJr+HyLYkjQ==

picomatch@^2.3.1:
  version "2.3.1"
  resolved "https://registry.npmmirror.com/picomatch/-/picomatch-2.3.1.tgz#3ba3833733646d9d3e4995946c1365a67fb07a42"
  integrity sha512-JU3teHTNjmE2VCGFzuY8EXzCDVwEqB2a8fsIvwaStHhAWJEeVd1o1QD80CU6+ZdEXXSLbSsuLwJjkCBWqRQUVA==

postcss@^8.4.20:
  version "8.4.20"
  resolved "https://registry.yarnpkg.com/postcss/-/postcss-8.4.20.tgz#64c52f509644cecad8567e949f4081d98349dc56"
  integrity sha512-6Q04AXR1212bXr5fh03u8aAwbLxAQNGQ/Q1LNa0VfOI06ZAlhPHtQvE4OIdpj4kLThXilalPnmDSOD65DcHt+g==
  dependencies:
    nanoid "^3.3.4"
    picocolors "^1.0.0"
    source-map-js "^1.0.2"

resolve@^1.22.1:
  version "1.22.1"
  resolved "https://registry.yarnpkg.com/resolve/-/resolve-1.22.1.tgz#27cb2ebb53f91abb49470a928bba7558066ac177"
  integrity sha512-nBpuuYuY5jFsli/JIs1oldw6fOQCBioohqWZg/2hiaOybXOft4lonv85uDOKXdf8rhyK159cxU5cDcK/NKk8zw==
  dependencies:
    is-core-module "^2.9.0"
    path-parse "^1.0.7"
    supports-preserve-symlinks-flag "^1.0.0"

rollup-plugin-ts@^3.2.0:
  version "3.2.0"
  resolved "https://registry.npmmirror.com/rollup-plugin-ts/-/rollup-plugin-ts-3.2.0.tgz#d15c985d153e7b18adeb37c8bb6b39bc93655c8a"
  integrity sha512-KkTLVifkUexEiAXS9VtSjDrjKr0TyusmNJpb2ZTAzI9VuPumSu4AktIaVNnwv70iUEitHwZtET7OAM+5n1u1tg==
  dependencies:
    "@rollup/pluginutils" "^5.0.2"
    "@wessberg/stringutil" "^1.0.19"
    ansi-colors "^4.1.3"
    browserslist "^4.21.4"
    browserslist-generator "^2.0.1"
    compatfactory "^2.0.9"
    crosspath "^2.0.0"
    magic-string "^0.27.0"
    ts-clone-node "^2.0.4"
    tslib "^2.4.1"

rollup@^3.15.0:
  version "3.15.0"
  resolved "https://registry.npmmirror.com/rollup/-/rollup-3.15.0.tgz#6f4105e8c4b8145229657b74ad660b02fbfacc05"
  integrity sha512-F9hrCAhnp5/zx/7HYmftvsNBkMfLfk/dXUh73hPSM2E3CRgap65orDNJbLetoiUFwSAk6iHPLvBrZ5iHYvzqsg==
  optionalDependencies:
    fsevents "~2.3.2"

rollup@^3.7.0:
  version "3.9.0"
  resolved "https://registry.yarnpkg.com/rollup/-/rollup-3.9.0.tgz#0ff7ab7cd71ce3a6ab140c5cf661f2b35eb6aab8"
  integrity sha512-nGGylpmblyjTpF4lEUPgmOw6OVxRvnI6Iuuh6Lz4O/X66cVOX1XJSsqP1YamxQ+mPuFE7qJxLFDSCk8rNv5dDw==
  optionalDependencies:
    fsevents "~2.3.2"

semver@^7.3.8:
  version "7.3.8"
  resolved "https://registry.npmmirror.com/semver/-/semver-7.3.8.tgz#07a78feafb3f7b32347d725e33de7e2a2df67798"
  integrity sha512-NB1ctGL5rlHrPJtFDVIVzTyQylMLu9N9VICA6HSFJo8MCGVTMW6gfpicwKmmK/dAjTOrqu5l63JJOpDSrAis3A==
  dependencies:
    lru-cache "^6.0.0"

source-map-js@^1.0.2:
  version "1.0.2"
  resolved "https://registry.yarnpkg.com/source-map-js/-/source-map-js-1.0.2.tgz#adbc361d9c62df380125e7f161f71c826f1e490c"
  integrity sha512-R0XvVJ9WusLiqTCEiGCmICCMplcCkIwwR11mOSD9CR5u+IXYdiseeEuXCVAjS54zqwkLcPNnmU4OeJ6tUrWhDw==

supports-preserve-symlinks-flag@^1.0.0:
  version "1.0.0"
  resolved "https://registry.yarnpkg.com/supports-preserve-symlinks-flag/-/supports-preserve-symlinks-flag-1.0.0.tgz#6eda4bd344a3c94aea376d4cc31bc77311039e09"
  integrity sha512-ot0WnXS9fgdkgIcePe6RHNk1WA8+muPa6cSjeR3V8K27q9BB1rTE3R1p7Hv0z1ZyAc8s6Vvv8DIyWf681MAt0w==

ts-clone-node@^2.0.4:
  version "2.0.4"
  resolved "https://registry.npmmirror.com/ts-clone-node/-/ts-clone-node-2.0.4.tgz#18f26c2d490f65c6925f7a841a44ca2476da3eee"
  integrity sha512-eG6FAgmQsenhIJOIFhUcO6yyYejBKZIKcI3y21jiQmIOrth5pD6GElyPAyeihbPSyBs3u/9PVNXy+5I7jGy8jA==
  dependencies:
    compatfactory "^2.0.9"

tslib@^2.4.1:
  version "2.5.0"
  resolved "https://registry.npmmirror.com/tslib/-/tslib-2.5.0.tgz#42bfed86f5787aeb41d031866c8f402429e0fddf"
  integrity sha512-336iVw3rtn2BUK7ORdIAHTyxHGRIHVReokCR3XjbckJMK7ms8FysBfhLR8IXnAgy7T0PTPNBWKiH514FOW/WSg==

typescript@^4.9.3:
  version "4.9.4"
  resolved "https://registry.yarnpkg.com/typescript/-/typescript-4.9.4.tgz#a2a3d2756c079abda241d75f149df9d561091e78"
  integrity sha512-Uz+dTXYzxXXbsFpM86Wh3dKCxrQqUcVMxwU54orwlJjOpO3ao8L7j5lH+dWfTwgCwIuM9GQ2kvVotzYJMXTBZg==

ua-parser-js@^1.0.33:
  version "1.0.33"
  resolved "https://registry.npmmirror.com/ua-parser-js/-/ua-parser-js-1.0.33.tgz#f21f01233e90e7ed0f059ceab46eb190ff17f8f4"
  integrity sha512-RqshF7TPTE0XLYAqmjlu5cLLuGdKrNu9O1KLA/qp39QtbZwuzwv1dT46DZSopoUMsYgXpB3Cv8a03FI8b74oFQ==

update-browserslist-db@^1.0.10:
  version "1.0.10"
  resolved "https://registry.npmmirror.com/update-browserslist-db/-/update-browserslist-db-1.0.10.tgz#0f54b876545726f17d00cd9a2561e6dade943ff3"
  integrity sha512-OztqDenkfFkbSG+tRxBeAnCVPckDBcvibKd35yDONx6OU8N7sqgwc7rCbkJ/WcYtVRZ4ba68d6byhC21GFh7sQ==
  dependencies:
    escalade "^3.1.1"
    picocolors "^1.0.0"

vite@^4.0.0:
  version "4.0.3"
  resolved "https://registry.yarnpkg.com/vite/-/vite-4.0.3.tgz#de27ad3f263a03ae9419cdc8bc07721eadcba8b9"
  integrity sha512-HvuNv1RdE7deIfQb8mPk51UKjqptO/4RXZ5yXSAvurd5xOckwS/gg8h9Tky3uSbnjYTgUm0hVCet1cyhKd73ZA==
  dependencies:
    esbuild "^0.16.3"
    postcss "^8.4.20"
    resolve "^1.22.1"
    rollup "^3.7.0"
  optionalDependencies:
    fsevents "~2.3.2"

yallist@^4.0.0:
  version "4.0.0"
  resolved "https://registry.npmmirror.com/yallist/-/yallist-4.0.0.tgz#9bb92790d9c0effec63be73519e11a35019a3a72"
  integrity sha512-3wdGidZyq5PB084XLES5TpOSRA3wjXAlIWMhum2kRcv/41Sn2emQ0dycQW4uZXLejwKvg6EsvbdlVL+FYEct7A==
